// !$*UTF8*$!
{
	archiveVersion = 1;
	classes = {
	};
	objectVersion = 46;
	objects = {

/* Begin PBXBuildFile section */
		C78B464447E5B301489AF85C /* Pods_BreathEveryday.framework in Frameworks */ = {isa = PBXBuildFile; fileRef = 035937D110347F617E50F288 /* Pods_BreathEveryday.framework */; };
		F402D6AD1FA5F499008A53FD /* SpringScene.swift in Sources */ = {isa = PBXBuildFile; fileRef = F402D6AC1FA5F499008A53FD /* SpringScene.swift */; };
		F408C5D71EA51B3B00F29A67 /* CategoryManager.swift in Sources */ = {isa = PBXBuildFile; fileRef = F408C5D61EA51B3B00F29A67 /* CategoryManager.swift */; };
		F410FFE41E966BE8009AC535 /* CalendarEventModel.swift in Sources */ = {isa = PBXBuildFile; fileRef = F410FFE31E966BE8009AC535 /* CalendarEventModel.swift */; };
		F430B4C51F760A6B003E1ADB /* BackgroundImageCollectionViewCell.swift in Sources */ = {isa = PBXBuildFile; fileRef = F430B4C31F760A6B003E1ADB /* BackgroundImageCollectionViewCell.swift */; };
		F430B4C81F77E975003E1ADB /* BackgroundImageCollectionViewCell.xib in Resources */ = {isa = PBXBuildFile; fileRef = F430B4C71F77E975003E1ADB /* BackgroundImageCollectionViewCell.xib */; };
		F430B4CC1F79267B003E1ADB /* HomeViewController+Bubble.swift in Sources */ = {isa = PBXBuildFile; fileRef = F430B4CB1F79267B003E1ADB /* HomeViewController+Bubble.swift */; };
		F430B4CE1F79273A003E1ADB /* HomeViewController+CollectionView.swift in Sources */ = {isa = PBXBuildFile; fileRef = F430B4CD1F79273A003E1ADB /* HomeViewController+CollectionView.swift */; };
		F430B4D11F794775003E1ADB /* SettingButtonTableViewCell.swift in Sources */ = {isa = PBXBuildFile; fileRef = F430B4CF1F794775003E1ADB /* SettingButtonTableViewCell.swift */; };
		F430B4D21F794775003E1ADB /* SettingButtonTableViewCell.xib in Resources */ = {isa = PBXBuildFile; fileRef = F430B4D01F794775003E1ADB /* SettingButtonTableViewCell.xib */; };
		F430B4D41F794844003E1ADB /* HomeViewController+TableView.swift in Sources */ = {isa = PBXBuildFile; fileRef = F430B4D31F794844003E1ADB /* HomeViewController+TableView.swift */; };
		F431AD3A1F56C9F4005390D9 /* HomeViewController+PhotoLibrary.swift in Sources */ = {isa = PBXBuildFile; fileRef = F431AD391F56C9F4005390D9 /* HomeViewController+PhotoLibrary.swift */; };
		F431AD3C1F56CB32005390D9 /* HomeViewController+ColorPicker.swift in Sources */ = {isa = PBXBuildFile; fileRef = F431AD3B1F56CB32005390D9 /* HomeViewController+ColorPicker.swift */; };
		F43B3FEC1EBC1E00008577EF /* UIColor+Extensions.swift in Sources */ = {isa = PBXBuildFile; fileRef = F43B3FEB1EBC1E00008577EF /* UIColor+Extensions.swift */; };
		F43B3FEE1EBC1EDA008577EF /* UIButton+Extensions.swift in Sources */ = {isa = PBXBuildFile; fileRef = F43B3FED1EBC1EDA008577EF /* UIButton+Extensions.swift */; };
		F43B3FF21EBC321F008577EF /* HomeItemView.swift in Sources */ = {isa = PBXBuildFile; fileRef = F43B3FF11EBC321F008577EF /* HomeItemView.swift */; };
		F483B8B61F8E63E700ED5E8E /* ListViewModel.swift in Sources */ = {isa = PBXBuildFile; fileRef = F483B8B51F8E63E700ED5E8E /* ListViewModel.swift */; };
		F4916C5E1F9B1A0D00D99938 /* TestViewController.swift in Sources */ = {isa = PBXBuildFile; fileRef = F4916C5D1F9B1A0D00D99938 /* TestViewController.swift */; };
		F49B09251EBB14900002297F /* Background Image.xcassets in Resources */ = {isa = PBXBuildFile; fileRef = F49B09241EBB14900002297F /* Background Image.xcassets */; };
		F4A21F991E9C6E4200C24517 /* EventManager.swift in Sources */ = {isa = PBXBuildFile; fileRef = F4A21F981E9C6E4200C24517 /* EventManager.swift */; };
		F4A414431F7D307C00B066A4 /* UITableView+Extensions.swift in Sources */ = {isa = PBXBuildFile; fileRef = F4A414421F7D307C00B066A4 /* UITableView+Extensions.swift */; };
		F4B2A5801E88EE4200CAECEE /* CoreDataModel.xcdatamodeld in Sources */ = {isa = PBXBuildFile; fileRef = F4B2A57E1E88EE4200CAECEE /* CoreDataModel.xcdatamodeld */; };
		F4D0A0B21F6AD71500DD4693 /* SelectImageCollectionViewController.swift in Sources */ = {isa = PBXBuildFile; fileRef = F4D0A0B01F6AD71500DD4693 /* SelectImageCollectionViewController.swift */; };
		F4D6BD961EA4743500A93E46 /* CategoryCollectionViewCell.swift in Sources */ = {isa = PBXBuildFile; fileRef = F4D6BD941EA4743500A93E46 /* CategoryCollectionViewCell.swift */; };
		F4D6BD971EA4743500A93E46 /* CategoryCollectionViewCell.xib in Resources */ = {isa = PBXBuildFile; fileRef = F4D6BD951EA4743500A93E46 /* CategoryCollectionViewCell.xib */; };
		F4D6BD991EA493D600A93E46 /* HomeViewModel.swift in Sources */ = {isa = PBXBuildFile; fileRef = F4D6BD981EA493D600A93E46 /* HomeViewModel.swift */; };
		F4E301481E9DC7E500846EBF /* KeyboardButtonModel.swift in Sources */ = {isa = PBXBuildFile; fileRef = F4E301471E9DC7E500846EBF /* KeyboardButtonModel.swift */; };
		F4E3014E1E9E17CC00846EBF /* CalendarCell.swift in Sources */ = {isa = PBXBuildFile; fileRef = F4E3014D1E9E17CC00846EBF /* CalendarCell.swift */; };
		F4E301501E9E1B1500846EBF /* CalendarViewController.swift in Sources */ = {isa = PBXBuildFile; fileRef = F4E3014F1E9E1B1500846EBF /* CalendarViewController.swift */; };
		F4F4D6711E828EAC00D7EFBA /* KeyboardBarButton.xib in Resources */ = {isa = PBXBuildFile; fileRef = F4F4D6701E828EAC00D7EFBA /* KeyboardBarButton.xib */; };
		F4FA6A9B1E7FB0F100C2E46E /* AppDelegate.swift in Sources */ = {isa = PBXBuildFile; fileRef = F4FA6A9A1E7FB0F100C2E46E /* AppDelegate.swift */; };
		F4FA6A9D1E7FB0F100C2E46E /* HomeViewController.swift in Sources */ = {isa = PBXBuildFile; fileRef = F4FA6A9C1E7FB0F100C2E46E /* HomeViewController.swift */; };
		F4FA6AA01E7FB0F100C2E46E /* Main.storyboard in Resources */ = {isa = PBXBuildFile; fileRef = F4FA6A9E1E7FB0F100C2E46E /* Main.storyboard */; };
		F4FA6AA21E7FB0F100C2E46E /* Assets.xcassets in Resources */ = {isa = PBXBuildFile; fileRef = F4FA6AA11E7FB0F100C2E46E /* Assets.xcassets */; };
		F4FA6AA51E7FB0F100C2E46E /* LaunchScreen.storyboard in Resources */ = {isa = PBXBuildFile; fileRef = F4FA6AA31E7FB0F100C2E46E /* LaunchScreen.storyboard */; };
		F4FA6AAD1E7FC24700C2E46E /* ListViewController.swift in Sources */ = {isa = PBXBuildFile; fileRef = F4FA6AAC1E7FC24700C2E46E /* ListViewController.swift */; };
		F4FA6AAF1E7FCD0D00C2E46E /* IdentifierModel.swift in Sources */ = {isa = PBXBuildFile; fileRef = F4FA6AAE1E7FCD0D00C2E46E /* IdentifierModel.swift */; };
		F4FA6AB21E7FD3DD00C2E46E /* ListTableViewCell.swift in Sources */ = {isa = PBXBuildFile; fileRef = F4FA6AB01E7FD3DD00C2E46E /* ListTableViewCell.swift */; };
		F4FA6AB31E7FD3DD00C2E46E /* ListTableViewCell.xib in Resources */ = {isa = PBXBuildFile; fileRef = F4FA6AB11E7FD3DD00C2E46E /* ListTableViewCell.xib */; };
		F4FA6AB71E7FD8F100C2E46E /* DetailViewController.swift in Sources */ = {isa = PBXBuildFile; fileRef = F4FA6AB61E7FD8F100C2E46E /* DetailViewController.swift */; };
/* End PBXBuildFile section */

/* Begin PBXFileReference section */
		035937D110347F617E50F288 /* Pods_BreathEveryday.framework */ = {isa = PBXFileReference; explicitFileType = wrapper.framework; includeInIndex = 0; path = Pods_BreathEveryday.framework; sourceTree = BUILT_PRODUCTS_DIR; };
		52DDEAA6C3601664D4687571 /* Pods-BreathEveryday.release.xcconfig */ = {isa = PBXFileReference; includeInIndex = 1; lastKnownFileType = text.xcconfig; name = "Pods-BreathEveryday.release.xcconfig"; path = "Pods/Target Support Files/Pods-BreathEveryday/Pods-BreathEveryday.release.xcconfig"; sourceTree = "<group>"; };
		6AF2EE35D2892DEE60B9D142 /* Pods-BreathEveryday.debug.xcconfig */ = {isa = PBXFileReference; includeInIndex = 1; lastKnownFileType = text.xcconfig; name = "Pods-BreathEveryday.debug.xcconfig"; path = "Pods/Target Support Files/Pods-BreathEveryday/Pods-BreathEveryday.debug.xcconfig"; sourceTree = "<group>"; };
		F402D6AC1FA5F499008A53FD /* SpringScene.swift */ = {isa = PBXFileReference; lastKnownFileType = sourcecode.swift; path = SpringScene.swift; sourceTree = "<group>"; };
		F408C5D61EA51B3B00F29A67 /* CategoryManager.swift */ = {isa = PBXFileReference; fileEncoding = 4; lastKnownFileType = sourcecode.swift; path = CategoryManager.swift; sourceTree = "<group>"; };
		F410FFE31E966BE8009AC535 /* CalendarEventModel.swift */ = {isa = PBXFileReference; fileEncoding = 4; lastKnownFileType = sourcecode.swift; path = CalendarEventModel.swift; sourceTree = "<group>"; };
		F430B4C31F760A6B003E1ADB /* BackgroundImageCollectionViewCell.swift */ = {isa = PBXFileReference; fileEncoding = 4; lastKnownFileType = sourcecode.swift; path = BackgroundImageCollectionViewCell.swift; sourceTree = "<group>"; };
		F430B4C71F77E975003E1ADB /* BackgroundImageCollectionViewCell.xib */ = {isa = PBXFileReference; fileEncoding = 4; lastKnownFileType = file.xib; path = BackgroundImageCollectionViewCell.xib; sourceTree = "<group>"; };
		F430B4CB1F79267B003E1ADB /* HomeViewController+Bubble.swift */ = {isa = PBXFileReference; fileEncoding = 4; lastKnownFileType = sourcecode.swift; path = "HomeViewController+Bubble.swift"; sourceTree = "<group>"; };
		F430B4CD1F79273A003E1ADB /* HomeViewController+CollectionView.swift */ = {isa = PBXFileReference; fileEncoding = 4; lastKnownFileType = sourcecode.swift; path = "HomeViewController+CollectionView.swift"; sourceTree = "<group>"; };
		F430B4CF1F794775003E1ADB /* SettingButtonTableViewCell.swift */ = {isa = PBXFileReference; fileEncoding = 4; lastKnownFileType = sourcecode.swift; path = SettingButtonTableViewCell.swift; sourceTree = "<group>"; };
		F430B4D01F794775003E1ADB /* SettingButtonTableViewCell.xib */ = {isa = PBXFileReference; fileEncoding = 4; lastKnownFileType = file.xib; path = SettingButtonTableViewCell.xib; sourceTree = "<group>"; };
		F430B4D31F794844003E1ADB /* HomeViewController+TableView.swift */ = {isa = PBXFileReference; fileEncoding = 4; lastKnownFileType = sourcecode.swift; path = "HomeViewController+TableView.swift"; sourceTree = "<group>"; };
		F431AD391F56C9F4005390D9 /* HomeViewController+PhotoLibrary.swift */ = {isa = PBXFileReference; fileEncoding = 4; lastKnownFileType = sourcecode.swift; path = "HomeViewController+PhotoLibrary.swift"; sourceTree = "<group>"; };
		F431AD3B1F56CB32005390D9 /* HomeViewController+ColorPicker.swift */ = {isa = PBXFileReference; fileEncoding = 4; lastKnownFileType = sourcecode.swift; path = "HomeViewController+ColorPicker.swift"; sourceTree = "<group>"; };
		F43B3FCC1EBB323F008577EF /* BreathEveryday.entitlements */ = {isa = PBXFileReference; lastKnownFileType = text.plist.entitlements; path = BreathEveryday.entitlements; sourceTree = "<group>"; };
		F43B3FEB1EBC1E00008577EF /* UIColor+Extensions.swift */ = {isa = PBXFileReference; fileEncoding = 4; lastKnownFileType = sourcecode.swift; path = "UIColor+Extensions.swift"; sourceTree = "<group>"; };
		F43B3FED1EBC1EDA008577EF /* UIButton+Extensions.swift */ = {isa = PBXFileReference; fileEncoding = 4; lastKnownFileType = sourcecode.swift; path = "UIButton+Extensions.swift"; sourceTree = "<group>"; };
		F43B3FF11EBC321F008577EF /* HomeItemView.swift */ = {isa = PBXFileReference; fileEncoding = 4; lastKnownFileType = sourcecode.swift; path = HomeItemView.swift; sourceTree = "<group>"; };
		F483B8B51F8E63E700ED5E8E /* ListViewModel.swift */ = {isa = PBXFileReference; lastKnownFileType = sourcecode.swift; path = ListViewModel.swift; sourceTree = "<group>"; };
		F4916C5D1F9B1A0D00D99938 /* TestViewController.swift */ = {isa = PBXFileReference; lastKnownFileType = sourcecode.swift; path = TestViewController.swift; sourceTree = "<group>"; };
		F49B09241EBB14900002297F /* Background Image.xcassets */ = {isa = PBXFileReference; lastKnownFileType = folder.assetcatalog; path = "Background Image.xcassets"; sourceTree = "<group>"; };
		F4A21F981E9C6E4200C24517 /* EventManager.swift */ = {isa = PBXFileReference; fileEncoding = 4; lastKnownFileType = sourcecode.swift; path = EventManager.swift; sourceTree = "<group>"; };
		F4A414421F7D307C00B066A4 /* UITableView+Extensions.swift */ = {isa = PBXFileReference; fileEncoding = 4; lastKnownFileType = sourcecode.swift; path = "UITableView+Extensions.swift"; sourceTree = "<group>"; };
		F4B2A57F1E88EE4200CAECEE /* CoreDataModel.xcdatamodel */ = {isa = PBXFileReference; lastKnownFileType = wrapper.xcdatamodel; path = CoreDataModel.xcdatamodel; sourceTree = "<group>"; };
		F4D0A0B01F6AD71500DD4693 /* SelectImageCollectionViewController.swift */ = {isa = PBXFileReference; fileEncoding = 4; lastKnownFileType = sourcecode.swift; path = SelectImageCollectionViewController.swift; sourceTree = "<group>"; };
		F4D6BD941EA4743500A93E46 /* CategoryCollectionViewCell.swift */ = {isa = PBXFileReference; fileEncoding = 4; lastKnownFileType = sourcecode.swift; path = CategoryCollectionViewCell.swift; sourceTree = "<group>"; };
		F4D6BD951EA4743500A93E46 /* CategoryCollectionViewCell.xib */ = {isa = PBXFileReference; fileEncoding = 4; lastKnownFileType = file.xib; path = CategoryCollectionViewCell.xib; sourceTree = "<group>"; };
		F4D6BD981EA493D600A93E46 /* HomeViewModel.swift */ = {isa = PBXFileReference; fileEncoding = 4; lastKnownFileType = sourcecode.swift; path = HomeViewModel.swift; sourceTree = "<group>"; };
		F4E301471E9DC7E500846EBF /* KeyboardButtonModel.swift */ = {isa = PBXFileReference; fileEncoding = 4; lastKnownFileType = sourcecode.swift; path = KeyboardButtonModel.swift; sourceTree = "<group>"; };
		F4E3014D1E9E17CC00846EBF /* CalendarCell.swift */ = {isa = PBXFileReference; fileEncoding = 4; lastKnownFileType = sourcecode.swift; path = CalendarCell.swift; sourceTree = "<group>"; };
		F4E3014F1E9E1B1500846EBF /* CalendarViewController.swift */ = {isa = PBXFileReference; fileEncoding = 4; lastKnownFileType = sourcecode.swift; path = CalendarViewController.swift; sourceTree = "<group>"; };
		F4F4D6701E828EAC00D7EFBA /* KeyboardBarButton.xib */ = {isa = PBXFileReference; fileEncoding = 4; lastKnownFileType = file.xib; path = KeyboardBarButton.xib; sourceTree = "<group>"; };
		F4FA6A971E7FB0F100C2E46E /* BreathEveryday.app */ = {isa = PBXFileReference; explicitFileType = wrapper.application; includeInIndex = 0; path = BreathEveryday.app; sourceTree = BUILT_PRODUCTS_DIR; };
		F4FA6A9A1E7FB0F100C2E46E /* AppDelegate.swift */ = {isa = PBXFileReference; lastKnownFileType = sourcecode.swift; path = AppDelegate.swift; sourceTree = "<group>"; };
		F4FA6A9C1E7FB0F100C2E46E /* HomeViewController.swift */ = {isa = PBXFileReference; lastKnownFileType = sourcecode.swift; path = HomeViewController.swift; sourceTree = "<group>"; };
		F4FA6A9F1E7FB0F100C2E46E /* Base */ = {isa = PBXFileReference; lastKnownFileType = file.storyboard; name = Base; path = Base.lproj/Main.storyboard; sourceTree = "<group>"; };
		F4FA6AA11E7FB0F100C2E46E /* Assets.xcassets */ = {isa = PBXFileReference; lastKnownFileType = folder.assetcatalog; path = Assets.xcassets; sourceTree = "<group>"; };
		F4FA6AA41E7FB0F100C2E46E /* Base */ = {isa = PBXFileReference; lastKnownFileType = file.storyboard; name = Base; path = Base.lproj/LaunchScreen.storyboard; sourceTree = "<group>"; };
		F4FA6AA61E7FB0F100C2E46E /* Info.plist */ = {isa = PBXFileReference; lastKnownFileType = text.plist.xml; path = Info.plist; sourceTree = "<group>"; };
		F4FA6AAC1E7FC24700C2E46E /* ListViewController.swift */ = {isa = PBXFileReference; fileEncoding = 4; lastKnownFileType = sourcecode.swift; path = ListViewController.swift; sourceTree = "<group>"; };
		F4FA6AAE1E7FCD0D00C2E46E /* IdentifierModel.swift */ = {isa = PBXFileReference; fileEncoding = 4; lastKnownFileType = sourcecode.swift; path = IdentifierModel.swift; sourceTree = "<group>"; };
		F4FA6AB01E7FD3DD00C2E46E /* ListTableViewCell.swift */ = {isa = PBXFileReference; fileEncoding = 4; lastKnownFileType = sourcecode.swift; path = ListTableViewCell.swift; sourceTree = "<group>"; };
		F4FA6AB11E7FD3DD00C2E46E /* ListTableViewCell.xib */ = {isa = PBXFileReference; fileEncoding = 4; lastKnownFileType = file.xib; path = ListTableViewCell.xib; sourceTree = "<group>"; };
		F4FA6AB61E7FD8F100C2E46E /* DetailViewController.swift */ = {isa = PBXFileReference; fileEncoding = 4; lastKnownFileType = sourcecode.swift; path = DetailViewController.swift; sourceTree = "<group>"; };
/* End PBXFileReference section */

/* Begin PBXFrameworksBuildPhase section */
		F4FA6A941E7FB0F100C2E46E /* Frameworks */ = {
			isa = PBXFrameworksBuildPhase;
			buildActionMask = 2147483647;
			files = (
				C78B464447E5B301489AF85C /* Pods_BreathEveryday.framework in Frameworks */,
			);
			runOnlyForDeploymentPostprocessing = 0;
		};
/* End PBXFrameworksBuildPhase section */

/* Begin PBXGroup section */
		4495103DC2069A53AF860753 /* Frameworks */ = {
			isa = PBXGroup;
			children = (
				035937D110347F617E50F288 /* Pods_BreathEveryday.framework */,
			);
			name = Frameworks;
			sourceTree = "<group>";
		};
		457ADFEBC57717175DF80F41 /* Pods */ = {
			isa = PBXGroup;
			children = (
				6AF2EE35D2892DEE60B9D142 /* Pods-BreathEveryday.debug.xcconfig */,
				52DDEAA6C3601664D4687571 /* Pods-BreathEveryday.release.xcconfig */,
			);
			name = Pods;
			sourceTree = "<group>";
		};
		F431AD361F56AA2B005390D9 /* General */ = {
			isa = PBXGroup;
			children = (
				F4FA6A9A1E7FB0F100C2E46E /* AppDelegate.swift */,
				F4FA6AAE1E7FCD0D00C2E46E /* IdentifierModel.swift */,
				F4916C5D1F9B1A0D00D99938 /* TestViewController.swift */,
				F4FA6A9E1E7FB0F100C2E46E /* Main.storyboard */,
				F4FA6AA31E7FB0F100C2E46E /* LaunchScreen.storyboard */,
				F4FA6AA11E7FB0F100C2E46E /* Assets.xcassets */,
				F49B09241EBB14900002297F /* Background Image.xcassets */,
				F4FA6AA61E7FB0F100C2E46E /* Info.plist */,
				F43B3FCC1EBB323F008577EF /* BreathEveryday.entitlements */,
				F4B2A57E1E88EE4200CAECEE /* CoreDataModel.xcdatamodeld */,
				F431AD371F56AA6B005390D9 /* Extensions */,
			);
			name = General;
			sourceTree = "<group>";
		};
		F431AD371F56AA6B005390D9 /* Extensions */ = {
			isa = PBXGroup;
			children = (
				F43B3FEB1EBC1E00008577EF /* UIColor+Extensions.swift */,
				F43B3FED1EBC1EDA008577EF /* UIButton+Extensions.swift */,
				F4A414421F7D307C00B066A4 /* UITableView+Extensions.swift */,
			);
			name = Extensions;
			sourceTree = "<group>";
		};
		F431AD381F56ABCA005390D9 /* Classes */ = {
			isa = PBXGroup;
			children = (
				F4D55CB61EADB91600EE80C4 /* Home Page */,
				F4D55CB71EADB93500EE80C4 /* List Page */,
				F4FA6AB61E7FD8F100C2E46E /* DetailViewController.swift */,
			);
			name = Classes;
			sourceTree = "<group>";
		};
		F4D55CB61EADB91600EE80C4 /* Home Page */ = {
			isa = PBXGroup;
			children = (
				F4D6BD931EA4740300A93E46 /* Category */,
				F43B3FF11EBC321F008577EF /* HomeItemView.swift */,
				F4FA6A9C1E7FB0F100C2E46E /* HomeViewController.swift */,
				F430B4D31F794844003E1ADB /* HomeViewController+TableView.swift */,
				F430B4CD1F79273A003E1ADB /* HomeViewController+CollectionView.swift */,
				F430B4CB1F79267B003E1ADB /* HomeViewController+Bubble.swift */,
				F431AD3B1F56CB32005390D9 /* HomeViewController+ColorPicker.swift */,
				F431AD391F56C9F4005390D9 /* HomeViewController+PhotoLibrary.swift */,
				F4D6BD981EA493D600A93E46 /* HomeViewModel.swift */,
				F4D0A0B01F6AD71500DD4693 /* SelectImageCollectionViewController.swift */,
				F430B4C31F760A6B003E1ADB /* BackgroundImageCollectionViewCell.swift */,
				F430B4C71F77E975003E1ADB /* BackgroundImageCollectionViewCell.xib */,
				F430B4CF1F794775003E1ADB /* SettingButtonTableViewCell.swift */,
				F430B4D01F794775003E1ADB /* SettingButtonTableViewCell.xib */,
			);
			name = "Home Page";
			sourceTree = "<group>";
		};
		F4D55CB71EADB93500EE80C4 /* List Page */ = {
			isa = PBXGroup;
			children = (
				F4FA6AAC1E7FC24700C2E46E /* ListViewController.swift */,
				F483B8B51F8E63E700ED5E8E /* ListViewModel.swift */,
				F4A21F981E9C6E4200C24517 /* EventManager.swift */,
				F410FFE31E966BE8009AC535 /* CalendarEventModel.swift */,
				F4E301491E9DC86400846EBF /* ListCell */,
				F4E3014A1E9E166500846EBF /* JTCalendar */,
				F402D6AC1FA5F499008A53FD /* SpringScene.swift */,
			);
			name = "List Page";
			sourceTree = "<group>";
		};
		F4D6BD931EA4740300A93E46 /* Category */ = {
			isa = PBXGroup;
			children = (
				F408C5D61EA51B3B00F29A67 /* CategoryManager.swift */,
				F4D6BD941EA4743500A93E46 /* CategoryCollectionViewCell.swift */,
				F4D6BD951EA4743500A93E46 /* CategoryCollectionViewCell.xib */,
			);
			name = Category;
			sourceTree = "<group>";
		};
		F4E301491E9DC86400846EBF /* ListCell */ = {
			isa = PBXGroup;
			children = (
				F4FA6AB01E7FD3DD00C2E46E /* ListTableViewCell.swift */,
				F4FA6AB11E7FD3DD00C2E46E /* ListTableViewCell.xib */,
				F4E301471E9DC7E500846EBF /* KeyboardButtonModel.swift */,
				F4F4D6701E828EAC00D7EFBA /* KeyboardBarButton.xib */,
			);
			name = ListCell;
			sourceTree = "<group>";
		};
		F4E3014A1E9E166500846EBF /* JTCalendar */ = {
			isa = PBXGroup;
			children = (
				F4E3014F1E9E1B1500846EBF /* CalendarViewController.swift */,
				F4E3014D1E9E17CC00846EBF /* CalendarCell.swift */,
			);
			name = JTCalendar;
			sourceTree = "<group>";
		};
		F4FA6A8E1E7FB0F100C2E46E = {
			isa = PBXGroup;
			children = (
				F4FA6A991E7FB0F100C2E46E /* BreathEveryday */,
				F4FA6A981E7FB0F100C2E46E /* Products */,
				457ADFEBC57717175DF80F41 /* Pods */,
				4495103DC2069A53AF860753 /* Frameworks */,
			);
			sourceTree = "<group>";
		};
		F4FA6A981E7FB0F100C2E46E /* Products */ = {
			isa = PBXGroup;
			children = (
				F4FA6A971E7FB0F100C2E46E /* BreathEveryday.app */,
			);
			name = Products;
			sourceTree = "<group>";
		};
		F4FA6A991E7FB0F100C2E46E /* BreathEveryday */ = {
			isa = PBXGroup;
			children = (
				F431AD361F56AA2B005390D9 /* General */,
				F431AD381F56ABCA005390D9 /* Classes */,
			);
			path = BreathEveryday;
			sourceTree = "<group>";
		};
/* End PBXGroup section */

/* Begin PBXNativeTarget section */
		F4FA6A961E7FB0F100C2E46E /* BreathEveryday */ = {
			isa = PBXNativeTarget;
			buildConfigurationList = F4FA6AA91E7FB0F100C2E46E /* Build configuration list for PBXNativeTarget "BreathEveryday" */;
			buildPhases = (
				6653DB221B0BB6CF88646EDE /* [CP] Check Pods Manifest.lock */,
				F4FA6A931E7FB0F100C2E46E /* Sources */,
				F4FA6A941E7FB0F100C2E46E /* Frameworks */,
				F4FA6A951E7FB0F100C2E46E /* Resources */,
				28A9154382AE8870858D57BC /* [CP] Embed Pods Frameworks */,
				70B60A3A70404045CFF750D0 /* [CP] Copy Pods Resources */,
				F41BDC751EAF261000C1539D /* ShellScript */,
			);
			buildRules = (
			);
			dependencies = (
			);
			name = BreathEveryday;
			productName = BreathEveryday;
			productReference = F4FA6A971E7FB0F100C2E46E /* BreathEveryday.app */;
			productType = "com.apple.product-type.application";
		};
/* End PBXNativeTarget section */

/* Begin PBXProject section */
		F4FA6A8F1E7FB0F100C2E46E /* Project object */ = {
			isa = PBXProject;
			attributes = {
				LastSwiftUpdateCheck = 0820;
				LastUpgradeCheck = 0820;
				ORGANIZATIONNAME = Bomi;
				TargetAttributes = {
					F4FA6A961E7FB0F100C2E46E = {
						CreatedOnToolsVersion = 8.2.1;
						DevelopmentTeam = RG55XLA874;
						LastSwiftMigration = 0900;
						ProvisioningStyle = Automatic;
						SystemCapabilities = {
							com.apple.DataProtection = {
								enabled = 0;
							};
						};
					};
				};
			};
			buildConfigurationList = F4FA6A921E7FB0F100C2E46E /* Build configuration list for PBXProject "BreathEveryday" */;
			compatibilityVersion = "Xcode 3.2";
			developmentRegion = English;
			hasScannedForEncodings = 0;
			knownRegions = (
				en,
				Base,
			);
			mainGroup = F4FA6A8E1E7FB0F100C2E46E;
			productRefGroup = F4FA6A981E7FB0F100C2E46E /* Products */;
			projectDirPath = "";
			projectRoot = "";
			targets = (
				F4FA6A961E7FB0F100C2E46E /* BreathEveryday */,
			);
		};
/* End PBXProject section */

/* Begin PBXResourcesBuildPhase section */
		F4FA6A951E7FB0F100C2E46E /* Resources */ = {
			isa = PBXResourcesBuildPhase;
			buildActionMask = 2147483647;
			files = (
				F430B4C81F77E975003E1ADB /* BackgroundImageCollectionViewCell.xib in Resources */,
				F49B09251EBB14900002297F /* Background Image.xcassets in Resources */,
				F4D6BD971EA4743500A93E46 /* CategoryCollectionViewCell.xib in Resources */,
				F4F4D6711E828EAC00D7EFBA /* KeyboardBarButton.xib in Resources */,
				F4FA6AA51E7FB0F100C2E46E /* LaunchScreen.storyboard in Resources */,
				F4FA6AB31E7FD3DD00C2E46E /* ListTableViewCell.xib in Resources */,
				F430B4D21F794775003E1ADB /* SettingButtonTableViewCell.xib in Resources */,
				F4FA6AA21E7FB0F100C2E46E /* Assets.xcassets in Resources */,
				F4FA6AA01E7FB0F100C2E46E /* Main.storyboard in Resources */,
			);
			runOnlyForDeploymentPostprocessing = 0;
		};
/* End PBXResourcesBuildPhase section */

/* Begin PBXShellScriptBuildPhase section */
		28A9154382AE8870858D57BC /* [CP] Embed Pods Frameworks */ = {
			isa = PBXShellScriptBuildPhase;
			buildActionMask = 2147483647;
			files = (
			);
			inputPaths = (
			);
			name = "[CP] Embed Pods Frameworks";
			outputPaths = (
			);
			runOnlyForDeploymentPostprocessing = 0;
			shellPath = /bin/sh;
			shellScript = "\"${SRCROOT}/Pods/Target Support Files/Pods-BreathEveryday/Pods-BreathEveryday-frameworks.sh\"\n";
			showEnvVarsInLog = 0;
		};
		6653DB221B0BB6CF88646EDE /* [CP] Check Pods Manifest.lock */ = {
			isa = PBXShellScriptBuildPhase;
			buildActionMask = 2147483647;
			files = (
			);
			inputPaths = (
			);
			name = "[CP] Check Pods Manifest.lock";
			outputPaths = (
			);
			runOnlyForDeploymentPostprocessing = 0;
			shellPath = /bin/sh;
			shellScript = "diff \"${PODS_PODFILE_DIR_PATH}/Podfile.lock\" \"${PODS_ROOT}/Manifest.lock\" > /dev/null\nif [ $? != 0 ] ; then\n    # print error to STDERR\n    echo \"error: The sandbox is not in sync with the Podfile.lock. Run 'pod install' or update your CocoaPods installation.\" >&2\n    exit 1\nfi\n";
			showEnvVarsInLog = 0;
		};
		70B60A3A70404045CFF750D0 /* [CP] Copy Pods Resources */ = {
			isa = PBXShellScriptBuildPhase;
			buildActionMask = 2147483647;
			files = (
			);
			inputPaths = (
			);
			name = "[CP] Copy Pods Resources";
			outputPaths = (
			);
			runOnlyForDeploymentPostprocessing = 0;
			shellPath = /bin/sh;
			shellScript = "\"${SRCROOT}/Pods/Target Support Files/Pods-BreathEveryday/Pods-BreathEveryday-resources.sh\"\n";
			showEnvVarsInLog = 0;
		};
		F41BDC751EAF261000C1539D /* ShellScript */ = {
			isa = PBXShellScriptBuildPhase;
			buildActionMask = 2147483647;
			files = (
			);
			inputPaths = (
			);
			outputPaths = (
			);
			runOnlyForDeploymentPostprocessing = 0;
			shellPath = /bin/sh;
			shellScript = "\"${PODS_ROOT}/Fabric/run\" ed515c9daf68b12b314957f267403ad188d8a896 9ac3a10bf4db1c56a2c0f7f92c68ff84e3b4124c17c4ec9b6e7cedd5d25499b2";
		};
/* End PBXShellScriptBuildPhase section */

/* Begin PBXSourcesBuildPhase section */
		F4FA6A931E7FB0F100C2E46E /* Sources */ = {
			isa = PBXSourcesBuildPhase;
			buildActionMask = 2147483647;
			files = (
				F431AD3A1F56C9F4005390D9 /* HomeViewController+PhotoLibrary.swift in Sources */,
				F4E301501E9E1B1500846EBF /* CalendarViewController.swift in Sources */,
				F483B8B61F8E63E700ED5E8E /* ListViewModel.swift in Sources */,
				F4FA6A9D1E7FB0F100C2E46E /* HomeViewController.swift in Sources */,
				F430B4D41F794844003E1ADB /* HomeViewController+TableView.swift in Sources */,
				F4E301481E9DC7E500846EBF /* KeyboardButtonModel.swift in Sources */,
				F430B4D11F794775003E1ADB /* SettingButtonTableViewCell.swift in Sources */,
				F430B4CE1F79273A003E1ADB /* HomeViewController+CollectionView.swift in Sources */,
				F4A21F991E9C6E4200C24517 /* EventManager.swift in Sources */,
				F4FA6A9B1E7FB0F100C2E46E /* AppDelegate.swift in Sources */,
				F4A414431F7D307C00B066A4 /* UITableView+Extensions.swift in Sources */,
				F4D0A0B21F6AD71500DD4693 /* SelectImageCollectionViewController.swift in Sources */,
				F408C5D71EA51B3B00F29A67 /* CategoryManager.swift in Sources */,
				F4FA6AAF1E7FCD0D00C2E46E /* IdentifierModel.swift in Sources */,
				F4D6BD961EA4743500A93E46 /* CategoryCollectionViewCell.swift in Sources */,
				F410FFE41E966BE8009AC535 /* CalendarEventModel.swift in Sources */,
				F4E3014E1E9E17CC00846EBF /* CalendarCell.swift in Sources */,
				F402D6AD1FA5F499008A53FD /* SpringScene.swift in Sources */,
				F430B4CC1F79267B003E1ADB /* HomeViewController+Bubble.swift in Sources */,
				F430B4C51F760A6B003E1ADB /* BackgroundImageCollectionViewCell.swift in Sources */,
				F4D6BD991EA493D600A93E46 /* HomeViewModel.swift in Sources */,
				F43B3FEC1EBC1E00008577EF /* UIColor+Extensions.swift in Sources */,
				F4FA6AB71E7FD8F100C2E46E /* DetailViewController.swift in Sources */,
				F4B2A5801E88EE4200CAECEE /* CoreDataModel.xcdatamodeld in Sources */,
				F431AD3C1F56CB32005390D9 /* HomeViewController+ColorPicker.swift in Sources */,
				F4FA6AAD1E7FC24700C2E46E /* ListViewController.swift in Sources */,
				F4916C5E1F9B1A0D00D99938 /* TestViewController.swift in Sources */,
				F4FA6AB21E7FD3DD00C2E46E /* ListTableViewCell.swift in Sources */,
				F43B3FEE1EBC1EDA008577EF /* UIButton+Extensions.swift in Sources */,
				F43B3FF21EBC321F008577EF /* HomeItemView.swift in Sources */,
			);
			runOnlyForDeploymentPostprocessing = 0;
		};
/* End PBXSourcesBuildPhase section */

/* Begin PBXVariantGroup section */
		F4FA6A9E1E7FB0F100C2E46E /* Main.storyboard */ = {
			isa = PBXVariantGroup;
			children = (
				F4FA6A9F1E7FB0F100C2E46E /* Base */,
			);
			name = Main.storyboard;
			sourceTree = "<group>";
		};
		F4FA6AA31E7FB0F100C2E46E /* LaunchScreen.storyboard */ = {
			isa = PBXVariantGroup;
			children = (
				F4FA6AA41E7FB0F100C2E46E /* Base */,
			);
			name = LaunchScreen.storyboard;
			sourceTree = "<group>";
		};
/* End PBXVariantGroup section */

/* Begin XCBuildConfiguration section */
		F4FA6AA71E7FB0F100C2E46E /* Debug */ = {
			isa = XCBuildConfiguration;
			buildSettings = {
				ALWAYS_SEARCH_USER_PATHS = NO;
				CLANG_ANALYZER_NONNULL = YES;
				CLANG_CXX_LANGUAGE_STANDARD = "gnu++0x";
				CLANG_CXX_LIBRARY = "libc++";
				CLANG_ENABLE_MODULES = YES;
				CLANG_ENABLE_OBJC_ARC = YES;
				CLANG_WARN_BOOL_CONVERSION = YES;
				CLANG_WARN_CONSTANT_CONVERSION = YES;
				CLANG_WARN_DIRECT_OBJC_ISA_USAGE = YES_ERROR;
				CLANG_WARN_DOCUMENTATION_COMMENTS = YES;
				CLANG_WARN_EMPTY_BODY = YES;
				CLANG_WARN_ENUM_CONVERSION = YES;
				CLANG_WARN_INFINITE_RECURSION = YES;
				CLANG_WARN_INT_CONVERSION = YES;
				CLANG_WARN_OBJC_ROOT_CLASS = YES_ERROR;
				CLANG_WARN_SUSPICIOUS_MOVE = YES;
				CLANG_WARN_UNREACHABLE_CODE = YES;
				CLANG_WARN__DUPLICATE_METHOD_MATCH = YES;
				"CODE_SIGN_IDENTITY[sdk=iphoneos*]" = "iPhone Developer";
				COPY_PHASE_STRIP = NO;
				DEBUG_INFORMATION_FORMAT = dwarf;
				ENABLE_STRICT_OBJC_MSGSEND = YES;
				ENABLE_TESTABILITY = YES;
				GCC_C_LANGUAGE_STANDARD = gnu99;
				GCC_DYNAMIC_NO_PIC = NO;
				GCC_NO_COMMON_BLOCKS = YES;
				GCC_OPTIMIZATION_LEVEL = 0;
				GCC_PREPROCESSOR_DEFINITIONS = (
					"DEBUG=1",
					"$(inherited)",
				);
				GCC_WARN_64_TO_32_BIT_CONVERSION = YES;
				GCC_WARN_ABOUT_RETURN_TYPE = YES_ERROR;
				GCC_WARN_UNDECLARED_SELECTOR = YES;
				GCC_WARN_UNINITIALIZED_AUTOS = YES_AGGRESSIVE;
				GCC_WARN_UNUSED_FUNCTION = YES;
				GCC_WARN_UNUSED_VARIABLE = YES;
				IPHONEOS_DEPLOYMENT_TARGET = 10.3;
				MTL_ENABLE_DEBUG_INFO = YES;
				ONLY_ACTIVE_ARCH = YES;
				SDKROOT = iphoneos;
				SWIFT_ACTIVE_COMPILATION_CONDITIONS = DEBUG;
				SWIFT_OPTIMIZATION_LEVEL = "-Onone";
				TARGETED_DEVICE_FAMILY = "1,2";
			};
			name = Debug;
		};
		F4FA6AA81E7FB0F100C2E46E /* Release */ = {
			isa = XCBuildConfiguration;
			buildSettings = {
				ALWAYS_SEARCH_USER_PATHS = NO;
				CLANG_ANALYZER_NONNULL = YES;
				CLANG_CXX_LANGUAGE_STANDARD = "gnu++0x";
				CLANG_CXX_LIBRARY = "libc++";
				CLANG_ENABLE_MODULES = YES;
				CLANG_ENABLE_OBJC_ARC = YES;
				CLANG_WARN_BOOL_CONVERSION = YES;
				CLANG_WARN_CONSTANT_CONVERSION = YES;
				CLANG_WARN_DIRECT_OBJC_ISA_USAGE = YES_ERROR;
				CLANG_WARN_DOCUMENTATION_COMMENTS = YES;
				CLANG_WARN_EMPTY_BODY = YES;
				CLANG_WARN_ENUM_CONVERSION = YES;
				CLANG_WARN_INFINITE_RECURSION = YES;
				CLANG_WARN_INT_CONVERSION = YES;
				CLANG_WARN_OBJC_ROOT_CLASS = YES_ERROR;
				CLANG_WARN_SUSPICIOUS_MOVE = YES;
				CLANG_WARN_UNREACHABLE_CODE = YES;
				CLANG_WARN__DUPLICATE_METHOD_MATCH = YES;
				"CODE_SIGN_IDENTITY[sdk=iphoneos*]" = "iPhone Developer";
				COPY_PHASE_STRIP = NO;
				DEBUG_INFORMATION_FORMAT = "dwarf-with-dsym";
				ENABLE_NS_ASSERTIONS = NO;
				ENABLE_STRICT_OBJC_MSGSEND = YES;
				GCC_C_LANGUAGE_STANDARD = gnu99;
				GCC_NO_COMMON_BLOCKS = YES;
				GCC_WARN_64_TO_32_BIT_CONVERSION = YES;
				GCC_WARN_ABOUT_RETURN_TYPE = YES_ERROR;
				GCC_WARN_UNDECLARED_SELECTOR = YES;
				GCC_WARN_UNINITIALIZED_AUTOS = YES_AGGRESSIVE;
				GCC_WARN_UNUSED_FUNCTION = YES;
				GCC_WARN_UNUSED_VARIABLE = YES;
				IPHONEOS_DEPLOYMENT_TARGET = 10.3;
				MTL_ENABLE_DEBUG_INFO = NO;
				ONLY_ACTIVE_ARCH = YES;
				SDKROOT = iphoneos;
				SWIFT_OPTIMIZATION_LEVEL = "-Owholemodule";
				TARGETED_DEVICE_FAMILY = "1,2";
				VALIDATE_PRODUCT = YES;
			};
			name = Release;
		};
		F4FA6AAA1E7FB0F100C2E46E /* Debug */ = {
			isa = XCBuildConfiguration;
			baseConfigurationReference = 6AF2EE35D2892DEE60B9D142 /* Pods-BreathEveryday.debug.xcconfig */;
			buildSettings = {
				ASSETCATALOG_COMPILER_APPICON_NAME = AppIcon;
				DEBUG_INFORMATION_FORMAT = "dwarf-with-dsym";
				DEVELOPMENT_TEAM = RG55XLA874;
				INFOPLIST_FILE = BreathEveryday/Info.plist;
				IPHONEOS_DEPLOYMENT_TARGET = 10.0;
				LD_RUNPATH_SEARCH_PATHS = "$(inherited) @executable_path/Frameworks";
				PRODUCT_BUNDLE_IDENTIFIER = tw.PrototypeB.BreathEveryday;
				PRODUCT_NAME = "$(TARGET_NAME)";
				SWIFT_VERSION = 4.0;
				TARGETED_DEVICE_FAMILY = "1,2";
			};
			name = Debug;
		};
		F4FA6AAB1E7FB0F100C2E46E /* Release */ = {
			isa = XCBuildConfiguration;
			baseConfigurationReference = 52DDEAA6C3601664D4687571 /* Pods-BreathEveryday.release.xcconfig */;
			buildSettings = {
				ASSETCATALOG_COMPILER_APPICON_NAME = AppIcon;
				DEVELOPMENT_TEAM = RG55XLA874;
				INFOPLIST_FILE = BreathEveryday/Info.plist;
				IPHONEOS_DEPLOYMENT_TARGET = 10.0;
				LD_RUNPATH_SEARCH_PATHS = "$(inherited) @executable_path/Frameworks";
				PRODUCT_BUNDLE_IDENTIFIER = tw.PrototypeB.BreathEveryday;
				PRODUCT_NAME = "$(TARGET_NAME)";
				SWIFT_VERSION = 4.0;
				TARGETED_DEVICE_FAMILY = "1,2";
			};
			name = Release;
		};
/* End XCBuildConfiguration section */

/* Begin XCConfigurationList section */
		F4FA6A921E7FB0F100C2E46E /* Build configuration list for PBXProject "BreathEveryday" */ = {
			isa = XCConfigurationList;
			buildConfigurations = (
				F4FA6AA71E7FB0F100C2E46E /* Debug */,
				F4FA6AA81E7FB0F100C2E46E /* Release */,
			);
			defaultConfigurationIsVisible = 0;
			defaultConfigurationName = Release;
		};
		F4FA6AA91E7FB0F100C2E46E /* Build configuration list for PBXNativeTarget "BreathEveryday" */ = {
			isa = XCConfigurationList;
			buildConfigurations = (
				F4FA6AAA1E7FB0F100C2E46E /* Debug */,
				F4FA6AAB1E7FB0F100C2E46E /* Release */,
			);
			defaultConfigurationIsVisible = 0;
			defaultConfigurationName = Release;
		};
/* End XCConfigurationList section */

/* Begin XCVersionGroup section */
		F4B2A57E1E88EE4200CAECEE /* CoreDataModel.xcdatamodeld */ = {
			isa = XCVersionGroup;
			children = (
				F4B2A57F1E88EE4200CAECEE /* CoreDataModel.xcdatamodel */,
			);
			currentVersion = F4B2A57F1E88EE4200CAECEE /* CoreDataModel.xcdatamodel */;
			path = CoreDataModel.xcdatamodeld;
			sourceTree = "<group>";
			versionGroupType = wrapper.xcdatamodel;
		};
/* End XCVersionGroup section */
	};
	rootObject = F4FA6A8F1E7FB0F100C2E46E /* Project object */;
}
