// !$*UTF8*$!
{
	archiveVersion = 1;
	classes = {
	};
	objectVersion = 46;
	objects = {

/* Begin PBXBuildFile section */
		F4FA6A9B1E7FB0F100C2E46E /* AppDelegate.swift in Sources */ = {isa = PBXBuildFile; fileRef = F4FA6A9A1E7FB0F100C2E46E /* AppDelegate.swift */; };
		F4FA6A9D1E7FB0F100C2E46E /* HomeViewController.swift in Sources */ = {isa = PBXBuildFile; fileRef = F4FA6A9C1E7FB0F100C2E46E /* HomeViewController.swift */; };
		F4FA6AA01E7FB0F100C2E46E /* Main.storyboard in Resources */ = {isa = PBXBuildFile; fileRef = F4FA6A9E1E7FB0F100C2E46E /* Main.storyboard */; };
		F4FA6AA21E7FB0F100C2E46E /* Assets.xcassets in Resources */ = {isa = PBXBuildFile; fileRef = F4FA6AA11E7FB0F100C2E46E /* Assets.xcassets */; };
		F4FA6AA51E7FB0F100C2E46E /* LaunchScreen.storyboard in Resources */ = {isa = PBXBuildFile; fileRef = F4FA6AA31E7FB0F100C2E46E /* LaunchScreen.storyboard */; };
		F4FA6AAD1E7FC24700C2E46E /* ListViewController.swift in Sources */ = {isa = PBXBuildFile; fileRef = F4FA6AAC1E7FC24700C2E46E /* ListViewController.swift */; };
		F4FA6AAF1E7FCD0D00C2E46E /* IndentifierModel.swift in Sources */ = {isa = PBXBuildFile; fileRef = F4FA6AAE1E7FCD0D00C2E46E /* IndentifierModel.swift */; };
		F4FA6AB21E7FD3DD00C2E46E /* ListTableViewCell.swift in Sources */ = {isa = PBXBuildFile; fileRef = F4FA6AB01E7FD3DD00C2E46E /* ListTableViewCell.swift */; };
		F4FA6AB31E7FD3DD00C2E46E /* ListTableViewCell.xib in Resources */ = {isa = PBXBuildFile; fileRef = F4FA6AB11E7FD3DD00C2E46E /* ListTableViewCell.xib */; };
		F4FA6AB71E7FD8F100C2E46E /* DetailViewController.swift in Sources */ = {isa = PBXBuildFile; fileRef = F4FA6AB61E7FD8F100C2E46E /* DetailViewController.swift */; };
/* End PBXBuildFile section */

/* Begin PBXFileReference section */
		F4FA6A971E7FB0F100C2E46E /* BreathEveryday.app */ = {isa = PBXFileReference; explicitFileType = wrapper.application; includeInIndex = 0; path = BreathEveryday.app; sourceTree = BUILT_PRODUCTS_DIR; };
		F4FA6A9A1E7FB0F100C2E46E /* AppDelegate.swift */ = {isa = PBXFileReference; lastKnownFileType = sourcecode.swift; path = AppDelegate.swift; sourceTree = "<group>"; };
		F4FA6A9C1E7FB0F100C2E46E /* HomeViewController.swift */ = {isa = PBXFileReference; lastKnownFileType = sourcecode.swift; path = HomeViewController.swift; sourceTree = "<group>"; };
		F4FA6A9F1E7FB0F100C2E46E /* Base */ = {isa = PBXFileReference; lastKnownFileType = file.storyboard; name = Base; path = Base.lproj/Main.storyboard; sourceTree = "<group>"; };
		F4FA6AA11E7FB0F100C2E46E /* Assets.xcassets */ = {isa = PBXFileReference; lastKnownFileType = folder.assetcatalog; path = Assets.xcassets; sourceTree = "<group>"; };
		F4FA6AA41E7FB0F100C2E46E /* Base */ = {isa = PBXFileReference; lastKnownFileType = file.storyboard; name = Base; path = Base.lproj/LaunchScreen.storyboard; sourceTree = "<group>"; };
		F4FA6AA61E7FB0F100C2E46E /* Info.plist */ = {isa = PBXFileReference; lastKnownFileType = text.plist.xml; path = Info.plist; sourceTree = "<group>"; };
		F4FA6AAC1E7FC24700C2E46E /* ListViewController.swift */ = {isa = PBXFileReference; fileEncoding = 4; lastKnownFileType = sourcecode.swift; path = ListViewController.swift; sourceTree = "<group>"; };
		F4FA6AAE1E7FCD0D00C2E46E /* IndentifierModel.swift */ = {isa = PBXFileReference; fileEncoding = 4; lastKnownFileType = sourcecode.swift; path = IndentifierModel.swift; sourceTree = "<group>"; };
		F4FA6AB01E7FD3DD00C2E46E /* ListTableViewCell.swift */ = {isa = PBXFileReference; fileEncoding = 4; lastKnownFileType = sourcecode.swift; path = ListTableViewCell.swift; sourceTree = "<group>"; };
		F4FA6AB11E7FD3DD00C2E46E /* ListTableViewCell.xib */ = {isa = PBXFileReference; fileEncoding = 4; lastKnownFileType = file.xib; path = ListTableViewCell.xib; sourceTree = "<group>"; };
		F4FA6AB61E7FD8F100C2E46E /* DetailViewController.swift */ = {isa = PBXFileReference; fileEncoding = 4; lastKnownFileType = sourcecode.swift; path = DetailViewController.swift; sourceTree = "<group>"; };
/* End PBXFileReference section */

/* Begin PBXFrameworksBuildPhase section */
		F4FA6A941E7FB0F100C2E46E /* Frameworks */ = {
			isa = PBXFrameworksBuildPhase;
			buildActionMask = 2147483647;
			files = (
			);
			runOnlyForDeploymentPostprocessing = 0;
		};
/* End PBXFrameworksBuildPhase section */

/* Begin PBXGroup section */
		F4FA6A8E1E7FB0F100C2E46E = {
			isa = PBXGroup;
			children = (
				F4FA6A991E7FB0F100C2E46E /* BreathEveryday */,
				F4FA6A981E7FB0F100C2E46E /* Products */,
			);
			sourceTree = "<group>";
		};
		F4FA6A981E7FB0F100C2E46E /* Products */ = {
			isa = PBXGroup;
			children = (
				F4FA6A971E7FB0F100C2E46E /* BreathEveryday.app */,
			);
			name = Products;
			sourceTree = "<group>";
		};
		F4FA6A991E7FB0F100C2E46E /* BreathEveryday */ = {
			isa = PBXGroup;
			children = (
				F4FA6A9A1E7FB0F100C2E46E /* AppDelegate.swift */,
				F4FA6AAE1E7FCD0D00C2E46E /* IndentifierModel.swift */,
				F4FA6A9C1E7FB0F100C2E46E /* HomeViewController.swift */,
				F4FA6AAC1E7FC24700C2E46E /* ListViewController.swift */,
				F4FA6AB01E7FD3DD00C2E46E /* ListTableViewCell.swift */,
				F4FA6AB11E7FD3DD00C2E46E /* ListTableViewCell.xib */,
				F4FA6AB61E7FD8F100C2E46E /* DetailViewController.swift */,
				F4FA6A9E1E7FB0F100C2E46E /* Main.storyboard */,
				F4FA6AA11E7FB0F100C2E46E /* Assets.xcassets */,
				F4FA6AA31E7FB0F100C2E46E /* LaunchScreen.storyboard */,
				F4FA6AA61E7FB0F100C2E46E /* Info.plist */,
			);
			path = BreathEveryday;
			sourceTree = "<group>";
		};
/* End PBXGroup section */

/* Begin PBXNativeTarget section */
		F4FA6A961E7FB0F100C2E46E /* BreathEveryday */ = {
			isa = PBXNativeTarget;
			buildConfigurationList = F4FA6AA91E7FB0F100C2E46E /* Build configuration list for PBXNativeTarget "BreathEveryday" */;
			buildPhases = (
				F4FA6A931E7FB0F100C2E46E /* Sources */,
				F4FA6A941E7FB0F100C2E46E /* Frameworks */,
				F4FA6A951E7FB0F100C2E46E /* Resources */,
			);
			buildRules = (
			);
			dependencies = (
			);
			name = BreathEveryday;
			productName = BreathEveryday;
			productReference = F4FA6A971E7FB0F100C2E46E /* BreathEveryday.app */;
			productType = "com.apple.product-type.application";
		};
/* End PBXNativeTarget section */

/* Begin PBXProject section */
		F4FA6A8F1E7FB0F100C2E46E /* Project object */ = {
			isa = PBXProject;
			attributes = {
				LastSwiftUpdateCheck = 0820;
				LastUpgradeCheck = 0820;
				ORGANIZATIONNAME = Bomi;
				TargetAttributes = {
					F4FA6A961E7FB0F100C2E46E = {
						CreatedOnToolsVersion = 8.2.1;
						DevelopmentTeam = 5VBM73Y9G2;
						ProvisioningStyle = Automatic;
					};
				};
			};
			buildConfigurationList = F4FA6A921E7FB0F100C2E46E /* Build configuration list for PBXProject "BreathEveryday" */;
			compatibilityVersion = "Xcode 3.2";
			developmentRegion = English;
			hasScannedForEncodings = 0;
			knownRegions = (
				en,
				Base,
			);
			mainGroup = F4FA6A8E1E7FB0F100C2E46E;
			productRefGroup = F4FA6A981E7FB0F100C2E46E /* Products */;
			projectDirPath = "";
			projectRoot = "";
			targets = (
				F4FA6A961E7FB0F100C2E46E /* BreathEveryday */,
			);
		};
/* End PBXProject section */

/* Begin PBXResourcesBuildPhase section */
		F4FA6A951E7FB0F100C2E46E /* Resources */ = {
			isa = PBXResourcesBuildPhase;
			buildActionMask = 2147483647;
			files = (
				F4FA6AA51E7FB0F100C2E46E /* LaunchScreen.storyboard in Resources */,
				F4FA6AB31E7FD3DD00C2E46E /* ListTableViewCell.xib in Resources */,
				F4FA6AA21E7FB0F100C2E46E /* Assets.xcassets in Resources */,
				F4FA6AA01E7FB0F100C2E46E /* Main.storyboard in Resources */,
			);
			runOnlyForDeploymentPostprocessing = 0;
		};
/* End PBXResourcesBuildPhase section */

/* Begin PBXSourcesBuildPhase section */
		F4FA6A931E7FB0F100C2E46E /* Sources */ = {
			isa = PBXSourcesBuildPhase;
			buildActionMask = 2147483647;
			files = (
				F4FA6A9D1E7FB0F100C2E46E /* HomeViewController.swift in Sources */,
				F4FA6A9B1E7FB0F100C2E46E /* AppDelegate.swift in Sources */,
				F4FA6AAF1E7FCD0D00C2E46E /* IndentifierModel.swift in Sources */,
				F4FA6AB71E7FD8F100C2E46E /* DetailViewController.swift in Sources */,
				F4FA6AAD1E7FC24700C2E46E /* ListViewController.swift in Sources */,
				F4FA6AB21E7FD3DD00C2E46E /* ListTableViewCell.swift in Sources */,
			);
			runOnlyForDeploymentPostprocessing = 0;
		};
/* End PBXSourcesBuildPhase section */

/* Begin PBXVariantGroup section */
		F4FA6A9E1E7FB0F100C2E46E /* Main.storyboard */ = {
			isa = PBXVariantGroup;
			children = (
				F4FA6A9F1E7FB0F100C2E46E /* Base */,
			);
			name = Main.storyboard;
			sourceTree = "<group>";
		};
		F4FA6AA31E7FB0F100C2E46E /* LaunchScreen.storyboard */ = {
			isa = PBXVariantGroup;
			children = (
				F4FA6AA41E7FB0F100C2E46E /* Base */,
			);
			name = LaunchScreen.storyboard;
			sourceTree = "<group>";
		};
/* End PBXVariantGroup section */

/* Begin XCBuildConfiguration section */
		F4FA6AA71E7FB0F100C2E46E /* Debug */ = {
			isa = XCBuildConfiguration;
			buildSettings = {
				ALWAYS_SEARCH_USER_PATHS = NO;
				CLANG_ANALYZER_NONNULL = YES;
				CLANG_CXX_LANGUAGE_STANDARD = "gnu++0x";
				CLANG_CXX_LIBRARY = "libc++";
				CLANG_ENABLE_MODULES = YES;
				CLANG_ENABLE_OBJC_ARC = YES;
				CLANG_WARN_BOOL_CONVERSION = YES;
				CLANG_WARN_CONSTANT_CONVERSION = YES;
				CLANG_WARN_DIRECT_OBJC_ISA_USAGE = YES_ERROR;
				CLANG_WARN_DOCUMENTATION_COMMENTS = YES;
				CLANG_WARN_EMPTY_BODY = YES;
				CLANG_WARN_ENUM_CONVERSION = YES;
				CLANG_WARN_INFINITE_RECURSION = YES;
				CLANG_WARN_INT_CONVERSION = YES;
				CLANG_WARN_OBJC_ROOT_CLASS = YES_ERROR;
				CLANG_WARN_SUSPICIOUS_MOVE = YES;
				CLANG_WARN_UNREACHABLE_CODE = YES;
				CLANG_WARN__DUPLICATE_METHOD_MATCH = YES;
				"CODE_SIGN_IDENTITY[sdk=iphoneos*]" = "iPhone Developer";
				COPY_PHASE_STRIP = NO;
				DEBUG_INFORMATION_FORMAT = dwarf;
				ENABLE_STRICT_OBJC_MSGSEND = YES;
				ENABLE_TESTABILITY = YES;
				GCC_C_LANGUAGE_STANDARD = gnu99;
				GCC_DYNAMIC_NO_PIC = NO;
				GCC_NO_COMMON_BLOCKS = YES;
				GCC_OPTIMIZATION_LEVEL = 0;
				GCC_PREPROCESSOR_DEFINITIONS = (
					"DEBUG=1",
					"$(inherited)",
				);
				GCC_WARN_64_TO_32_BIT_CONVERSION = YES;
				GCC_WARN_ABOUT_RETURN_TYPE = YES_ERROR;
				GCC_WARN_UNDECLARED_SELECTOR = YES;
				GCC_WARN_UNINITIALIZED_AUTOS = YES_AGGRESSIVE;
				GCC_WARN_UNUSED_FUNCTION = YES;
				GCC_WARN_UNUSED_VARIABLE = YES;
				IPHONEOS_DEPLOYMENT_TARGET = 10.2;
				MTL_ENABLE_DEBUG_INFO = YES;
				ONLY_ACTIVE_ARCH = YES;
				SDKROOT = iphoneos;
				SWIFT_ACTIVE_COMPILATION_CONDITIONS = DEBUG;
				SWIFT_OPTIMIZATION_LEVEL = "-Onone";
				TARGETED_DEVICE_FAMILY = "1,2";
			};
			name = Debug;
		};
		F4FA6AA81E7FB0F100C2E46E /* Release */ = {
			isa = XCBuildConfiguration;
			buildSettings = {
				ALWAYS_SEARCH_USER_PATHS = NO;
				CLANG_ANALYZER_NONNULL = YES;
				CLANG_CXX_LANGUAGE_STANDARD = "gnu++0x";
				CLANG_CXX_LIBRARY = "libc++";
				CLANG_ENABLE_MODULES = YES;
				CLANG_ENABLE_OBJC_ARC = YES;
				CLANG_WARN_BOOL_CONVERSION = YES;
				CLANG_WARN_CONSTANT_CONVERSION = YES;
				CLANG_WARN_DIRECT_OBJC_ISA_USAGE = YES_ERROR;
				CLANG_WARN_DOCUMENTATION_COMMENTS = YES;
				CLANG_WARN_EMPTY_BODY = YES;
				CLANG_WARN_ENUM_CONVERSION = YES;
				CLANG_WARN_INFINITE_RECURSION = YES;
				CLANG_WARN_INT_CONVERSION = YES;
				CLANG_WARN_OBJC_ROOT_CLASS = YES_ERROR;
				CLANG_WARN_SUSPICIOUS_MOVE = YES;
				CLANG_WARN_UNREACHABLE_CODE = YES;
				CLANG_WARN__DUPLICATE_METHOD_MATCH = YES;
				"CODE_SIGN_IDENTITY[sdk=iphoneos*]" = "iPhone Developer";
				COPY_PHASE_STRIP = NO;
				DEBUG_INFORMATION_FORMAT = "dwarf-with-dsym";
				ENABLE_NS_ASSERTIONS = NO;
				ENABLE_STRICT_OBJC_MSGSEND = YES;
				GCC_C_LANGUAGE_STANDARD = gnu99;
				GCC_NO_COMMON_BLOCKS = YES;
				GCC_WARN_64_TO_32_BIT_CONVERSION = YES;
				GCC_WARN_ABOUT_RETURN_TYPE = YES_ERROR;
				GCC_WARN_UNDECLARED_SELECTOR = YES;
				GCC_WARN_UNINITIALIZED_AUTOS = YES_AGGRESSIVE;
				GCC_WARN_UNUSED_FUNCTION = YES;
				GCC_WARN_UNUSED_VARIABLE = YES;
				IPHONEOS_DEPLOYMENT_TARGET = 10.2;
				MTL_ENABLE_DEBUG_INFO = NO;
				ONLY_ACTIVE_ARCH = YES;
				SDKROOT = iphoneos;
				SWIFT_OPTIMIZATION_LEVEL = "-Owholemodule";
				TARGETED_DEVICE_FAMILY = "1,2";
				VALIDATE_PRODUCT = YES;
			};
			name = Release;
		};
		F4FA6AAA1E7FB0F100C2E46E /* Debug */ = {
			isa = XCBuildConfiguration;
			buildSettings = {
				ASSETCATALOG_COMPILER_APPICON_NAME = AppIcon;
				DEVELOPMENT_TEAM = 5VBM73Y9G2;
				INFOPLIST_FILE = BreathEveryday/Info.plist;
				IPHONEOS_DEPLOYMENT_TARGET = 10.2;
				LD_RUNPATH_SEARCH_PATHS = "$(inherited) @executable_path/Frameworks";
				PRODUCT_BUNDLE_IDENTIFIER = PrototypeB.BreathEveryday;
				PRODUCT_NAME = "$(TARGET_NAME)";
				SWIFT_VERSION = 3.0;
			};
			name = Debug;
		};
		F4FA6AAB1E7FB0F100C2E46E /* Release */ = {
			isa = XCBuildConfiguration;
			buildSettings = {
				ASSETCATALOG_COMPILER_APPICON_NAME = AppIcon;
				DEVELOPMENT_TEAM = 5VBM73Y9G2;
				INFOPLIST_FILE = BreathEveryday/Info.plist;
				IPHONEOS_DEPLOYMENT_TARGET = 10.2;
				LD_RUNPATH_SEARCH_PATHS = "$(inherited) @executable_path/Frameworks";
				PRODUCT_BUNDLE_IDENTIFIER = PrototypeB.BreathEveryday;
				PRODUCT_NAME = "$(TARGET_NAME)";
				SWIFT_VERSION = 3.0;
			};
			name = Release;
		};
/* End XCBuildConfiguration section */

/* Begin XCConfigurationList section */
		F4FA6A921E7FB0F100C2E46E /* Build configuration list for PBXProject "BreathEveryday" */ = {
			isa = XCConfigurationList;
			buildConfigurations = (
				F4FA6AA71E7FB0F100C2E46E /* Debug */,
				F4FA6AA81E7FB0F100C2E46E /* Release */,
			);
			defaultConfigurationIsVisible = 0;
			defaultConfigurationName = Release;
		};
		F4FA6AA91E7FB0F100C2E46E /* Build configuration list for PBXNativeTarget "BreathEveryday" */ = {
			isa = XCConfigurationList;
			buildConfigurations = (
				F4FA6AAA1E7FB0F100C2E46E /* Debug */,
				F4FA6AAB1E7FB0F100C2E46E /* Release */,
			);
			defaultConfigurationIsVisible = 0;
			defaultConfigurationName = Release;
		};
/* End XCConfigurationList section */
	};
	rootObject = F4FA6A8F1E7FB0F100C2E46E /* Project object */;
}
